// !$*UTF8*$!
{
	archiveVersion = 1;
	classes = {
	};
	objectVersion = 55;
	objects = {

/* Begin PBXBuildFile section */
		8225FE48280F9C9C0081266C /* Game1ViewController.swift in Sources */ = {isa = PBXBuildFile; fileRef = 8225FE46280F9C9C0081266C /* Game1ViewController.swift */; };
		8225FE4B280FAE940081266C /* Tabuada.swift in Sources */ = {isa = PBXBuildFile; fileRef = 8225FE4A280FAE940081266C /* Tabuada.swift */; };
		82DE5FF528205D9C001CFC21 /* Game2ViewController.swift in Sources */ = {isa = PBXBuildFile; fileRef = 82DE5FF328205D9C001CFC21 /* Game2ViewController.swift */; };
		F632A75A281B097E001F6B7F /* Tabuada2.swift in Sources */ = {isa = PBXBuildFile; fileRef = F632A759281B097E001F6B7F /* Tabuada2.swift */; };
		F63E1633282ECA9C007FDB54 /* Model.xcdatamodeld in Sources */ = {isa = PBXBuildFile; fileRef = F63E1631282ECA9C007FDB54 /* Model.xcdatamodeld */; };
		F63E1636282ECE68007FDB54 /* Score+CoreDataClass.swift in Sources */ = {isa = PBXBuildFile; fileRef = F63E1634282ECE68007FDB54 /* Score+CoreDataClass.swift */; };
		F63E1637282ECE68007FDB54 /* Score+CoreDataProperties.swift in Sources */ = {isa = PBXBuildFile; fileRef = F63E1635282ECE68007FDB54 /* Score+CoreDataProperties.swift */; };
		F66A3FB1280DDD8200E33B23 /* AppDelegate.swift in Sources */ = {isa = PBXBuildFile; fileRef = F66A3FB0280DDD8200E33B23 /* AppDelegate.swift */; };
		F66A3FB3280DDD8200E33B23 /* SceneDelegate.swift in Sources */ = {isa = PBXBuildFile; fileRef = F66A3FB2280DDD8200E33B23 /* SceneDelegate.swift */; };
		F66A3FB5280DDD8200E33B23 /* Main.swift in Sources */ = {isa = PBXBuildFile; fileRef = F66A3FB4280DDD8200E33B23 /* Main.swift */; };
		F66A3FB8280DDD8200E33B23 /* Main.storyboard in Resources */ = {isa = PBXBuildFile; fileRef = F66A3FB6280DDD8200E33B23 /* Main.storyboard */; };
		F66A3FBA280DDD8400E33B23 /* Assets.xcassets in Resources */ = {isa = PBXBuildFile; fileRef = F66A3FB9280DDD8400E33B23 /* Assets.xcassets */; };
		F66A3FBD280DDD8400E33B23 /* LaunchScreen.storyboard in Resources */ = {isa = PBXBuildFile; fileRef = F66A3FBB280DDD8400E33B23 /* LaunchScreen.storyboard */; };
		F66A3FC7280DFB3500E33B23 /* CustomTableViewCell.swift in Sources */ = {isa = PBXBuildFile; fileRef = F66A3FC6280DFB3500E33B23 /* CustomTableViewCell.swift */; };
		F67380B0280F2A0700BF6F1D /* FaseTableViewCell.swift in Sources */ = {isa = PBXBuildFile; fileRef = F67380AE280F2A0700BF6F1D /* FaseTableViewCell.swift */; };
		F67380B1280F2A0700BF6F1D /* FaseTableViewCell.xib in Resources */ = {isa = PBXBuildFile; fileRef = F67380AF280F2A0700BF6F1D /* FaseTableViewCell.xib */; };
		F67F7728281B6BAD006BA457 /* tituloDaCell.swift in Sources */ = {isa = PBXBuildFile; fileRef = F67F7727281B6BAD006BA457 /* tituloDaCell.swift */; };
		F685567028231044001554CD /* feedbackViewController.swift in Sources */ = {isa = PBXBuildFile; fileRef = F685566F28231044001554CD /* feedbackViewController.swift */; };
		F6D6433728109F7000AAC8C8 /* FaseBotao.swift in Sources */ = {isa = PBXBuildFile; fileRef = F6D6433628109F7000AAC8C8 /* FaseBotao.swift */; };
/* End PBXBuildFile section */

/* Begin PBXFileReference section */
		8225FE46280F9C9C0081266C /* Game1ViewController.swift */ = {isa = PBXFileReference; lastKnownFileType = sourcecode.swift; path = Game1ViewController.swift; sourceTree = "<group>"; };
		8225FE4A280FAE940081266C /* Tabuada.swift */ = {isa = PBXFileReference; lastKnownFileType = sourcecode.swift; path = Tabuada.swift; sourceTree = "<group>"; };
		82DE5FF328205D9C001CFC21 /* Game2ViewController.swift */ = {isa = PBXFileReference; lastKnownFileType = sourcecode.swift; path = Game2ViewController.swift; sourceTree = "<group>"; };
		F632A759281B097E001F6B7F /* Tabuada2.swift */ = {isa = PBXFileReference; lastKnownFileType = sourcecode.swift; path = Tabuada2.swift; sourceTree = "<group>"; };
		F63E1632282ECA9C007FDB54 /* Model.xcdatamodel */ = {isa = PBXFileReference; lastKnownFileType = wrapper.xcdatamodel; path = Model.xcdatamodel; sourceTree = "<group>"; };
		F63E1634282ECE68007FDB54 /* Score+CoreDataClass.swift */ = {isa = PBXFileReference; lastKnownFileType = sourcecode.swift; path = "Score+CoreDataClass.swift"; sourceTree = "<group>"; };
		F63E1635282ECE68007FDB54 /* Score+CoreDataProperties.swift */ = {isa = PBXFileReference; lastKnownFileType = sourcecode.swift; path = "Score+CoreDataProperties.swift"; sourceTree = "<group>"; };
		F66A3FAD280DDD8200E33B23 /* Tabuando.app */ = {isa = PBXFileReference; explicitFileType = wrapper.application; includeInIndex = 0; path = Tabuando.app; sourceTree = BUILT_PRODUCTS_DIR; };
		F66A3FB0280DDD8200E33B23 /* AppDelegate.swift */ = {isa = PBXFileReference; lastKnownFileType = sourcecode.swift; path = AppDelegate.swift; sourceTree = "<group>"; };
		F66A3FB2280DDD8200E33B23 /* SceneDelegate.swift */ = {isa = PBXFileReference; lastKnownFileType = sourcecode.swift; path = SceneDelegate.swift; sourceTree = "<group>"; };
		F66A3FB4280DDD8200E33B23 /* Main.swift */ = {isa = PBXFileReference; lastKnownFileType = sourcecode.swift; name = Main.swift; path = ../Main.swift; sourceTree = "<group>"; };
		F66A3FB7280DDD8200E33B23 /* Base */ = {isa = PBXFileReference; lastKnownFileType = file.storyboard; name = Base; path = Base.lproj/Main.storyboard; sourceTree = "<group>"; };
		F66A3FB9280DDD8400E33B23 /* Assets.xcassets */ = {isa = PBXFileReference; lastKnownFileType = folder.assetcatalog; path = Assets.xcassets; sourceTree = "<group>"; };
		F66A3FBC280DDD8400E33B23 /* Base */ = {isa = PBXFileReference; lastKnownFileType = file.storyboard; name = Base; path = Base.lproj/LaunchScreen.storyboard; sourceTree = "<group>"; };
		F66A3FBE280DDD8400E33B23 /* Info.plist */ = {isa = PBXFileReference; lastKnownFileType = text.plist.xml; path = Info.plist; sourceTree = "<group>"; };
		F66A3FC6280DFB3500E33B23 /* CustomTableViewCell.swift */ = {isa = PBXFileReference; lastKnownFileType = sourcecode.swift; path = CustomTableViewCell.swift; sourceTree = "<group>"; };
		F67380AE280F2A0700BF6F1D /* FaseTableViewCell.swift */ = {isa = PBXFileReference; lastKnownFileType = sourcecode.swift; path = FaseTableViewCell.swift; sourceTree = "<group>"; };
		F67380AF280F2A0700BF6F1D /* FaseTableViewCell.xib */ = {isa = PBXFileReference; lastKnownFileType = file.xib; path = FaseTableViewCell.xib; sourceTree = "<group>"; };
		F67F7727281B6BAD006BA457 /* tituloDaCell.swift */ = {isa = PBXFileReference; lastKnownFileType = sourcecode.swift; path = tituloDaCell.swift; sourceTree = "<group>"; };
		F685566F28231044001554CD /* feedbackViewController.swift */ = {isa = PBXFileReference; lastKnownFileType = sourcecode.swift; path = feedbackViewController.swift; sourceTree = "<group>"; };
		F6D6433628109F7000AAC8C8 /* FaseBotao.swift */ = {isa = PBXFileReference; lastKnownFileType = sourcecode.swift; path = FaseBotao.swift; sourceTree = "<group>"; };
/* End PBXFileReference section */

/* Begin PBXFrameworksBuildPhase section */
		F66A3FAA280DDD8200E33B23 /* Frameworks */ = {
			isa = PBXFrameworksBuildPhase;
			buildActionMask = 2147483647;
			files = (
			);
			runOnlyForDeploymentPostprocessing = 0;
		};
/* End PBXFrameworksBuildPhase section */

/* Begin PBXGroup section */
		F632A757281B0950001F6B7F /* tabuadas */ = {
			isa = PBXGroup;
			children = (
				8225FE4A280FAE940081266C /* Tabuada.swift */,
				F632A759281B097E001F6B7F /* Tabuada2.swift */,
			);
			path = tabuadas;
			sourceTree = "<group>";
		};
		F632A75B281B0995001F6B7F /* Delegate */ = {
			isa = PBXGroup;
			children = (
				F66A3FB2280DDD8200E33B23 /* SceneDelegate.swift */,
				F66A3FB0280DDD8200E33B23 /* AppDelegate.swift */,
			);
			path = Delegate;
			sourceTree = "<group>";
		};
		F632A75C281B09CA001F6B7F /* Telas */ = {
			isa = PBXGroup;
			children = (
				F67380AB280F250E00BF6F1D /* Custom TableViewCell */,
				F66A3FBB280DDD8400E33B23 /* LaunchScreen.storyboard */,
				F685566F28231044001554CD /* feedbackViewController.swift */,
				F66A3FB4280DDD8200E33B23 /* Main.swift */,
				F66A3FB6280DDD8200E33B23 /* Main.storyboard */,
				82DE5FF328205D9C001CFC21 /* Game2ViewController.swift */,
				8225FE46280F9C9C0081266C /* Game1ViewController.swift */,
			);
			path = Telas;
			sourceTree = "<group>";
		};
		F63E1638282ECE71007FDB54 /* CoreData */ = {
			isa = PBXGroup;
			children = (
				F63E1631282ECA9C007FDB54 /* Model.xcdatamodeld */,
				F63E1634282ECE68007FDB54 /* Score+CoreDataClass.swift */,
				F63E1635282ECE68007FDB54 /* Score+CoreDataProperties.swift */,
			);
			path = CoreData;
			sourceTree = "<group>";
		};
		F66A3FA4280DDD8200E33B23 = {
			isa = PBXGroup;
			children = (
				F66A3FAF280DDD8200E33B23 /* Tabuando */,
				F66A3FAE280DDD8200E33B23 /* Products */,
			);
			sourceTree = "<group>";
		};
		F66A3FAE280DDD8200E33B23 /* Products */ = {
			isa = PBXGroup;
			children = (
				F66A3FAD280DDD8200E33B23 /* Tabuando.app */,
			);
			name = Products;
			sourceTree = "<group>";
		};
		F66A3FAF280DDD8200E33B23 /* Tabuando */ = {
			isa = PBXGroup;
			children = (
				F63E1638282ECE71007FDB54 /* CoreData */,
				F632A75C281B09CA001F6B7F /* Telas */,
				F632A75B281B0995001F6B7F /* Delegate */,
				F632A757281B0950001F6B7F /* tabuadas */,
				F66A3FBE280DDD8400E33B23 /* Info.plist */,
				F66A3FB9280DDD8400E33B23 /* Assets.xcassets */,
			);
			path = Tabuando;
			sourceTree = "<group>";
		};
		F67380AB280F250E00BF6F1D /* Custom TableViewCell */ = {
			isa = PBXGroup;
			children = (
				F66A3FC6280DFB3500E33B23 /* CustomTableViewCell.swift */,
				F67380AE280F2A0700BF6F1D /* FaseTableViewCell.swift */,
				F67380AF280F2A0700BF6F1D /* FaseTableViewCell.xib */,
				F6D6433628109F7000AAC8C8 /* FaseBotao.swift */,
				F67F7727281B6BAD006BA457 /* tituloDaCell.swift */,
			);
			path = "Custom TableViewCell";
			sourceTree = "<group>";
		};
/* End PBXGroup section */

/* Begin PBXNativeTarget section */
		F66A3FAC280DDD8200E33B23 /* Tabuando */ = {
			isa = PBXNativeTarget;
			buildConfigurationList = F66A3FC1280DDD8400E33B23 /* Build configuration list for PBXNativeTarget "Tabuando" */;
			buildPhases = (
				F66A3FA9280DDD8200E33B23 /* Sources */,
				F66A3FAA280DDD8200E33B23 /* Frameworks */,
				F66A3FAB280DDD8200E33B23 /* Resources */,
			);
			buildRules = (
			);
			dependencies = (
			);
			name = Tabuando;
			productName = Tabuando;
			productReference = F66A3FAD280DDD8200E33B23 /* Tabuando.app */;
			productType = "com.apple.product-type.application";
		};
/* End PBXNativeTarget section */

/* Begin PBXProject section */
		F66A3FA5280DDD8200E33B23 /* Project object */ = {
			isa = PBXProject;
			attributes = {
				BuildIndependentTargetsInParallel = 1;
				LastSwiftUpdateCheck = 1320;
				LastUpgradeCheck = 1320;
				TargetAttributes = {
					F66A3FAC280DDD8200E33B23 = {
						CreatedOnToolsVersion = 13.2.1;
					};
				};
			};
			buildConfigurationList = F66A3FA8280DDD8200E33B23 /* Build configuration list for PBXProject "Tabuando" */;
			compatibilityVersion = "Xcode 13.0";
			developmentRegion = en;
			hasScannedForEncodings = 0;
			knownRegions = (
				en,
				Base,
			);
			mainGroup = F66A3FA4280DDD8200E33B23;
			productRefGroup = F66A3FAE280DDD8200E33B23 /* Products */;
			projectDirPath = "";
			projectRoot = "";
			targets = (
				F66A3FAC280DDD8200E33B23 /* Tabuando */,
			);
		};
/* End PBXProject section */

/* Begin PBXResourcesBuildPhase section */
		F66A3FAB280DDD8200E33B23 /* Resources */ = {
			isa = PBXResourcesBuildPhase;
			buildActionMask = 2147483647;
			files = (
				F67380B1280F2A0700BF6F1D /* FaseTableViewCell.xib in Resources */,
				F66A3FBD280DDD8400E33B23 /* LaunchScreen.storyboard in Resources */,
				F66A3FBA280DDD8400E33B23 /* Assets.xcassets in Resources */,
				F66A3FB8280DDD8200E33B23 /* Main.storyboard in Resources */,
			);
			runOnlyForDeploymentPostprocessing = 0;
		};
/* End PBXResourcesBuildPhase section */

/* Begin PBXSourcesBuildPhase section */
		F66A3FA9280DDD8200E33B23 /* Sources */ = {
			isa = PBXSourcesBuildPhase;
			buildActionMask = 2147483647;
			files = (
				F66A3FB5280DDD8200E33B23 /* Main.swift in Sources */,
				82DE5FF528205D9C001CFC21 /* Game2ViewController.swift in Sources */,
				F66A3FB1280DDD8200E33B23 /* AppDelegate.swift in Sources */,
				F66A3FC7280DFB3500E33B23 /* CustomTableViewCell.swift in Sources */,
				F63E1637282ECE68007FDB54 /* Score+CoreDataProperties.swift in Sources */,
				F63E1636282ECE68007FDB54 /* Score+CoreDataClass.swift in Sources */,
				F66A3FB3280DDD8200E33B23 /* SceneDelegate.swift in Sources */,
				8225FE48280F9C9C0081266C /* Game1ViewController.swift in Sources */,
				F67F7728281B6BAD006BA457 /* tituloDaCell.swift in Sources */,
				F67380B0280F2A0700BF6F1D /* FaseTableViewCell.swift in Sources */,
				F632A75A281B097E001F6B7F /* Tabuada2.swift in Sources */,
				F6D6433728109F7000AAC8C8 /* FaseBotao.swift in Sources */,
				8225FE4B280FAE940081266C /* Tabuada.swift in Sources */,
				F63E1633282ECA9C007FDB54 /* Model.xcdatamodeld in Sources */,
				F685567028231044001554CD /* feedbackViewController.swift in Sources */,
			);
			runOnlyForDeploymentPostprocessing = 0;
		};
/* End PBXSourcesBuildPhase section */

/* Begin PBXVariantGroup section */
		F66A3FB6280DDD8200E33B23 /* Main.storyboard */ = {
			isa = PBXVariantGroup;
			children = (
				F66A3FB7280DDD8200E33B23 /* Base */,
			);
			name = Main.storyboard;
			sourceTree = "<group>";
		};
		F66A3FBB280DDD8400E33B23 /* LaunchScreen.storyboard */ = {
			isa = PBXVariantGroup;
			children = (
				F66A3FBC280DDD8400E33B23 /* Base */,
			);
			name = LaunchScreen.storyboard;
			sourceTree = "<group>";
		};
/* End PBXVariantGroup section */

/* Begin XCBuildConfiguration section */
		F66A3FBF280DDD8400E33B23 /* Debug */ = {
			isa = XCBuildConfiguration;
			buildSettings = {
				ALWAYS_SEARCH_USER_PATHS = NO;
				CLANG_ANALYZER_NONNULL = YES;
				CLANG_ANALYZER_NUMBER_OBJECT_CONVERSION = YES_AGGRESSIVE;
				CLANG_CXX_LANGUAGE_STANDARD = "gnu++17";
				CLANG_CXX_LIBRARY = "libc++";
				CLANG_ENABLE_MODULES = YES;
				CLANG_ENABLE_OBJC_ARC = YES;
				CLANG_ENABLE_OBJC_WEAK = YES;
				CLANG_WARN_BLOCK_CAPTURE_AUTORELEASING = YES;
				CLANG_WARN_BOOL_CONVERSION = YES;
				CLANG_WARN_COMMA = YES;
				CLANG_WARN_CONSTANT_CONVERSION = YES;
				CLANG_WARN_DEPRECATED_OBJC_IMPLEMENTATIONS = YES;
				CLANG_WARN_DIRECT_OBJC_ISA_USAGE = YES_ERROR;
				CLANG_WARN_DOCUMENTATION_COMMENTS = YES;
				CLANG_WARN_EMPTY_BODY = YES;
				CLANG_WARN_ENUM_CONVERSION = YES;
				CLANG_WARN_INFINITE_RECURSION = YES;
				CLANG_WARN_INT_CONVERSION = YES;
				CLANG_WARN_NON_LITERAL_NULL_CONVERSION = YES;
				CLANG_WARN_OBJC_IMPLICIT_RETAIN_SELF = YES;
				CLANG_WARN_OBJC_LITERAL_CONVERSION = YES;
				CLANG_WARN_OBJC_ROOT_CLASS = YES_ERROR;
				CLANG_WARN_QUOTED_INCLUDE_IN_FRAMEWORK_HEADER = YES;
				CLANG_WARN_RANGE_LOOP_ANALYSIS = YES;
				CLANG_WARN_STRICT_PROTOTYPES = YES;
				CLANG_WARN_SUSPICIOUS_MOVE = YES;
				CLANG_WARN_UNGUARDED_AVAILABILITY = YES_AGGRESSIVE;
				CLANG_WARN_UNREACHABLE_CODE = YES;
				CLANG_WARN__DUPLICATE_METHOD_MATCH = YES;
				COPY_PHASE_STRIP = NO;
				DEBUG_INFORMATION_FORMAT = dwarf;
				ENABLE_STRICT_OBJC_MSGSEND = YES;
				ENABLE_TESTABILITY = YES;
				GCC_C_LANGUAGE_STANDARD = gnu11;
				GCC_DYNAMIC_NO_PIC = NO;
				GCC_NO_COMMON_BLOCKS = YES;
				GCC_OPTIMIZATION_LEVEL = 0;
				GCC_PREPROCESSOR_DEFINITIONS = (
					"DEBUG=1",
					"$(inherited)",
				);
				GCC_WARN_64_TO_32_BIT_CONVERSION = YES;
				GCC_WARN_ABOUT_RETURN_TYPE = YES_ERROR;
				GCC_WARN_UNDECLARED_SELECTOR = YES;
				GCC_WARN_UNINITIALIZED_AUTOS = YES_AGGRESSIVE;
				GCC_WARN_UNUSED_FUNCTION = YES;
				GCC_WARN_UNUSED_VARIABLE = YES;
				IPHONEOS_DEPLOYMENT_TARGET = 15.2;
				MTL_ENABLE_DEBUG_INFO = INCLUDE_SOURCE;
				MTL_FAST_MATH = YES;
				ONLY_ACTIVE_ARCH = YES;
				SDKROOT = iphoneos;
				SWIFT_ACTIVE_COMPILATION_CONDITIONS = DEBUG;
				SWIFT_OPTIMIZATION_LEVEL = "-Onone";
			};
			name = Debug;
		};
		F66A3FC0280DDD8400E33B23 /* Release */ = {
			isa = XCBuildConfiguration;
			buildSettings = {
				ALWAYS_SEARCH_USER_PATHS = NO;
				CLANG_ANALYZER_NONNULL = YES;
				CLANG_ANALYZER_NUMBER_OBJECT_CONVERSION = YES_AGGRESSIVE;
				CLANG_CXX_LANGUAGE_STANDARD = "gnu++17";
				CLANG_CXX_LIBRARY = "libc++";
				CLANG_ENABLE_MODULES = YES;
				CLANG_ENABLE_OBJC_ARC = YES;
				CLANG_ENABLE_OBJC_WEAK = YES;
				CLANG_WARN_BLOCK_CAPTURE_AUTORELEASING = YES;
				CLANG_WARN_BOOL_CONVERSION = YES;
				CLANG_WARN_COMMA = YES;
				CLANG_WARN_CONSTANT_CONVERSION = YES;
				CLANG_WARN_DEPRECATED_OBJC_IMPLEMENTATIONS = YES;
				CLANG_WARN_DIRECT_OBJC_ISA_USAGE = YES_ERROR;
				CLANG_WARN_DOCUMENTATION_COMMENTS = YES;
				CLANG_WARN_EMPTY_BODY = YES;
				CLANG_WARN_ENUM_CONVERSION = YES;
				CLANG_WARN_INFINITE_RECURSION = YES;
				CLANG_WARN_INT_CONVERSION = YES;
				CLANG_WARN_NON_LITERAL_NULL_CONVERSION = YES;
				CLANG_WARN_OBJC_IMPLICIT_RETAIN_SELF = YES;
				CLANG_WARN_OBJC_LITERAL_CONVERSION = YES;
				CLANG_WARN_OBJC_ROOT_CLASS = YES_ERROR;
				CLANG_WARN_QUOTED_INCLUDE_IN_FRAMEWORK_HEADER = YES;
				CLANG_WARN_RANGE_LOOP_ANALYSIS = YES;
				CLANG_WARN_STRICT_PROTOTYPES = YES;
				CLANG_WARN_SUSPICIOUS_MOVE = YES;
				CLANG_WARN_UNGUARDED_AVAILABILITY = YES_AGGRESSIVE;
				CLANG_WARN_UNREACHABLE_CODE = YES;
				CLANG_WARN__DUPLICATE_METHOD_MATCH = YES;
				COPY_PHASE_STRIP = NO;
				DEBUG_INFORMATION_FORMAT = "dwarf-with-dsym";
				ENABLE_NS_ASSERTIONS = NO;
				ENABLE_STRICT_OBJC_MSGSEND = YES;
				GCC_C_LANGUAGE_STANDARD = gnu11;
				GCC_NO_COMMON_BLOCKS = YES;
				GCC_WARN_64_TO_32_BIT_CONVERSION = YES;
				GCC_WARN_ABOUT_RETURN_TYPE = YES_ERROR;
				GCC_WARN_UNDECLARED_SELECTOR = YES;
				GCC_WARN_UNINITIALIZED_AUTOS = YES_AGGRESSIVE;
				GCC_WARN_UNUSED_FUNCTION = YES;
				GCC_WARN_UNUSED_VARIABLE = YES;
				IPHONEOS_DEPLOYMENT_TARGET = 15.2;
				MTL_ENABLE_DEBUG_INFO = NO;
				MTL_FAST_MATH = YES;
				SDKROOT = iphoneos;
				SWIFT_COMPILATION_MODE = wholemodule;
				SWIFT_OPTIMIZATION_LEVEL = "-O";
				VALIDATE_PRODUCT = YES;
			};
			name = Release;
		};
		F66A3FC2280DDD8400E33B23 /* Debug */ = {
			isa = XCBuildConfiguration;
			buildSettings = {
				ASSETCATALOG_COMPILER_APPICON_NAME = AppIcon;
				ASSETCATALOG_COMPILER_GLOBAL_ACCENT_COLOR_NAME = AccentColor;
				CODE_SIGN_STYLE = Automatic;
				CURRENT_PROJECT_VERSION = 1;
				DEVELOPMENT_TEAM = 55AU2SQW7Z;
				GENERATE_INFOPLIST_FILE = YES;
				INFOPLIST_FILE = Tabuando/Info.plist;
				INFOPLIST_KEY_UIApplicationSupportsIndirectInputEvents = YES;
				INFOPLIST_KEY_UILaunchStoryboardName = LaunchScreen;
				INFOPLIST_KEY_UIMainStoryboardFile = Main;
				INFOPLIST_KEY_UISupportedInterfaceOrientations_iPad = "UIInterfaceOrientationPortrait UIInterfaceOrientationPortraitUpsideDown UIInterfaceOrientationLandscapeLeft UIInterfaceOrientationLandscapeRight";
				INFOPLIST_KEY_UISupportedInterfaceOrientations_iPhone = "UIInterfaceOrientationPortrait UIInterfaceOrientationLandscapeLeft UIInterfaceOrientationLandscapeRight";
				LD_RUNPATH_SEARCH_PATHS = (
					"$(inherited)",
					"@executable_path/Frameworks",
				);
				MARKETING_VERSION = 1.0;
				PRODUCT_BUNDLE_IDENTIFIER = "personalWebSite-io.github.matheuszanivan.Tabuando";
				PRODUCT_NAME = "$(TARGET_NAME)";
				SWIFT_EMIT_LOC_STRINGS = YES;
				SWIFT_VERSION = 5.0;
				TARGETED_DEVICE_FAMILY = "1,2";
			};
			name = Debug;
		};
		F66A3FC3280DDD8400E33B23 /* Release */ = {
			isa = XCBuildConfiguration;
			buildSettings = {
				ASSETCATALOG_COMPILER_APPICON_NAME = AppIcon;
				ASSETCATALOG_COMPILER_GLOBAL_ACCENT_COLOR_NAME = AccentColor;
				CODE_SIGN_STYLE = Automatic;
				CURRENT_PROJECT_VERSION = 1;
				DEVELOPMENT_TEAM = 55AU2SQW7Z;
				GENERATE_INFOPLIST_FILE = YES;
				INFOPLIST_FILE = Tabuando/Info.plist;
				INFOPLIST_KEY_UIApplicationSupportsIndirectInputEvents = YES;
				INFOPLIST_KEY_UILaunchStoryboardName = LaunchScreen;
				INFOPLIST_KEY_UIMainStoryboardFile = Main;
				INFOPLIST_KEY_UISupportedInterfaceOrientations_iPad = "UIInterfaceOrientationPortrait UIInterfaceOrientationPortraitUpsideDown UIInterfaceOrientationLandscapeLeft UIInterfaceOrientationLandscapeRight";
				INFOPLIST_KEY_UISupportedInterfaceOrientations_iPhone = "UIInterfaceOrientationPortrait UIInterfaceOrientationLandscapeLeft UIInterfaceOrientationLandscapeRight";
				LD_RUNPATH_SEARCH_PATHS = (
					"$(inherited)",
					"@executable_path/Frameworks",
				);
				MARKETING_VERSION = 1.0;
				PRODUCT_BUNDLE_IDENTIFIER = "personalWebSite-io.github.matheuszanivan.Tabuando";
				PRODUCT_NAME = "$(TARGET_NAME)";
				SWIFT_EMIT_LOC_STRINGS = YES;
				SWIFT_VERSION = 5.0;
				TARGETED_DEVICE_FAMILY = "1,2";
			};
			name = Release;
		};
/* End XCBuildConfiguration section */

/* Begin XCConfigurationList section */
		F66A3FA8280DDD8200E33B23 /* Build configuration list for PBXProject "Tabuando" */ = {
			isa = XCConfigurationList;
			buildConfigurations = (
				F66A3FBF280DDD8400E33B23 /* Debug */,
				F66A3FC0280DDD8400E33B23 /* Release */,
			);
			defaultConfigurationIsVisible = 0;
			defaultConfigurationName = Release;
		};
		F66A3FC1280DDD8400E33B23 /* Build configuration list for PBXNativeTarget "Tabuando" */ = {
			isa = XCConfigurationList;
			buildConfigurations = (
				F66A3FC2280DDD8400E33B23 /* Debug */,
				F66A3FC3280DDD8400E33B23 /* Release */,
			);
			defaultConfigurationIsVisible = 0;
			defaultConfigurationName = Release;
		};
/* End XCConfigurationList section */

/* Begin XCVersionGroup section */
		F63E1631282ECA9C007FDB54 /* Model.xcdatamodeld */ = {
			isa = XCVersionGroup;
			children = (
				F63E1632282ECA9C007FDB54 /* Model.xcdatamodel */,
			);
			currentVersion = F63E1632282ECA9C007FDB54 /* Model.xcdatamodel */;
			path = Model.xcdatamodeld;
			sourceTree = "<group>";
			versionGroupType = wrapper.xcdatamodel;
		};
/* End XCVersionGroup section */
	};
	rootObject = F66A3FA5280DDD8200E33B23 /* Project object */;
}
